// !$*UTF8*$!
{
	archiveVersion = 1;
	classes = {
	};
	objectVersion = 56;
	objects = {

/* Begin PBXBuildFile section */
		A1000001000000000000B112 /* Moon.swift in Sources */ = {isa = PBXBuildFile; fileRef = A1000001000000000000F112 /* Moon.swift */; };
		A1000001000000000000B111 /* Reminders.swift in Sources */ = {isa = PBXBuildFile; fileRef = A1000001000000000000F111 /* Reminders.swift */; };
		A1000001000000000000B110 /* YearView.swift in Sources */ = {isa = PBXBuildFile; fileRef = A1000001000000000000F110 /* YearView.swift */; };
		A1000001000000000000B109 /* WeekView.swift in Sources */ = {isa = PBXBuildFile; fileRef = A1000001000000000000F109 /* WeekView.swift */; };
		A1000001000000000000B107 /* Draft.swift in Sources */ = {isa = PBXBuildFile; fileRef = A1000001000000000000F107 /* Draft.swift */; };
		A1000001000000000000B108 /* EditSheet.swift in Sources */ = {isa = PBXBuildFile; fileRef = A1000001000000000000F108 /* EditSheet.swift */; };
		A1000001000000000000B105 /* Places.swift in Sources */ = {isa = PBXBuildFile; fileRef = A1000001000000000000F105 /* Places.swift */; };
		A1000001000000000000B106 /* airports.json in Resources */ = {isa = PBXBuildFile; fileRef = A1000001000000000000F106 /* airports.json */; };
		A1000001000000000000B104 /* Google.swift in Sources */ = {isa = PBXBuildFile; fileRef = A1000001000000000000F104 /* Google.swift */; };
		A1000001000000000000B103 /* MonthView.swift in Sources */ = {isa = PBXBuildFile; fileRef = A1000001000000000000F103 /* MonthView.swift */; };
		A1000001000000000000B102 /* Store.swift in Sources */ = {isa = PBXBuildFile; fileRef = A1000001000000000000F102 /* Store.swift */; };
		A1000001000000000000B101 /* Engine.swift in Sources */ = {isa = PBXBuildFile; fileRef = A1000001000000000000F101 /* Engine.swift */; };
		A1000001000000000000B001 /* AlmanakkApp.swift in Sources */ = {isa = PBXBuildFile; fileRef = A1000001000000000000F001 /* AlmanakkApp.swift */; };
		A1000001000000000000B002 /* WebView.swift in Sources */ = {isa = PBXBuildFile; fileRef = A1000001000000000000F002 /* WebView.swift */; };
		A1000001000000000000B003 /* Assets.xcassets in Resources */ = {isa = PBXBuildFile; fileRef = A1000001000000000000F003 /* Assets.xcassets */; };
		A1000001000000000000B004 /* Snapshot.swift in Sources */ = {isa = PBXBuildFile; fileRef = A1000001000000000000F006 /* Snapshot.swift */; };
		A1000001000000000000B005 /* Snapshot.swift in Sources */ = {isa = PBXBuildFile; fileRef = A1000001000000000000F006 /* Snapshot.swift */; };
		A1000001000000000000B006 /* AlmanakkWidget.swift in Sources */ = {isa = PBXBuildFile; fileRef = A1000001000000000000F007 /* AlmanakkWidget.swift */; };
		A1000001000000000000B007 /* AlmanakkWidget.appex in Embed Foundation Extensions */ = {isa = PBXBuildFile; fileRef = A1000001000000000000F012 /* AlmanakkWidget.appex */; settings = {ATTRIBUTES = (RemoveHeadersOnCopy, ); }; };
/* End PBXBuildFile section */

/* Begin PBXContainerItemProxy section */
		A1000001000000000000X001 /* PBXContainerItemProxy */ = {isa = PBXContainerItemProxy; containerPortal = A1000001000000000000R001 /* Project object */; proxyType = 1; remoteGlobalIDString = A1000001000000000000T002; remoteInfo = AlmanakkWidget; };
/* End PBXContainerItemProxy section */

/* Begin PBXCopyFilesBuildPhase section */
		A1000001000000000000P007 /* Embed Foundation Extensions */ = {isa = PBXCopyFilesBuildPhase; buildActionMask = 2147483647; dstPath = ""; dstSubfolderSpec = 13; files = (A1000001000000000000B007 /* AlmanakkWidget.appex in Embed Foundation Extensions */, ); name = "Embed Foundation Extensions"; runOnlyForDeploymentPostprocessing = 0; };
/* End PBXCopyFilesBuildPhase section */

/* Begin PBXFileReference section */
		A1000001000000000000F112 /* Moon.swift */ = {isa = PBXFileReference; lastKnownFileType = sourcecode.swift; path = Moon.swift; sourceTree = "<group>"; };
		A1000001000000000000F111 /* Reminders.swift */ = {isa = PBXFileReference; lastKnownFileType = sourcecode.swift; path = Reminders.swift; sourceTree = "<group>"; };
		A1000001000000000000F110 /* YearView.swift */ = {isa = PBXFileReference; lastKnownFileType = sourcecode.swift; path = YearView.swift; sourceTree = "<group>"; };
		A1000001000000000000F109 /* WeekView.swift */ = {isa = PBXFileReference; lastKnownFileType = sourcecode.swift; path = WeekView.swift; sourceTree = "<group>"; };
		A1000001000000000000F107 /* Draft.swift */ = {isa = PBXFileReference; lastKnownFileType = sourcecode.swift; path = Draft.swift; sourceTree = "<group>"; };
		A1000001000000000000F108 /* EditSheet.swift */ = {isa = PBXFileReference; lastKnownFileType = sourcecode.swift; path = EditSheet.swift; sourceTree = "<group>"; };
		A1000001000000000000F105 /* Places.swift */ = {isa = PBXFileReference; lastKnownFileType = sourcecode.swift; path = Places.swift; sourceTree = "<group>"; };
		A1000001000000000000F106 /* airports.json */ = {isa = PBXFileReference; lastKnownFileType = text.json; path = airports.json; sourceTree = "<group>"; };
		A1000001000000000000F104 /* Google.swift */ = {isa = PBXFileReference; lastKnownFileType = sourcecode.swift; path = Google.swift; sourceTree = "<group>"; };
		A1000001000000000000F103 /* MonthView.swift */ = {isa = PBXFileReference; lastKnownFileType = sourcecode.swift; path = MonthView.swift; sourceTree = "<group>"; };
		A1000001000000000000F102 /* Store.swift */ = {isa = PBXFileReference; lastKnownFileType = sourcecode.swift; path = Store.swift; sourceTree = "<group>"; };
		A1000001000000000000F101 /* Engine.swift */ = {isa = PBXFileReference; lastKnownFileType = sourcecode.swift; path = Engine.swift; sourceTree = "<group>"; };
		A1000001000000000000F001 /* AlmanakkApp.swift */ = {isa = PBXFileReference; lastKnownFileType = sourcecode.swift; path = AlmanakkApp.swift; sourceTree = "<group>"; };
		A1000001000000000000F002 /* WebView.swift */ = {isa = PBXFileReference; lastKnownFileType = sourcecode.swift; path = WebView.swift; sourceTree = "<group>"; };
		A1000001000000000000F003 /* Assets.xcassets */ = {isa = PBXFileReference; lastKnownFileType = folder.assetcatalog; path = Assets.xcassets; sourceTree = "<group>"; };
		A1000001000000000000F004 /* Almanakk.entitlements */ = {isa = PBXFileReference; lastKnownFileType = text.plist.entitlements; path = Almanakk.entitlements; sourceTree = "<group>"; };
		A1000001000000000000F005 /* Almanakk.app */ = {isa = PBXFileReference; explicitFileType = wrapper.application; includeInIndex = 0; path = Almanakk.app; sourceTree = BUILT_PRODUCTS_DIR; };
		A1000001000000000000F006 /* Snapshot.swift */ = {isa = PBXFileReference; lastKnownFileType = sourcecode.swift; path = Snapshot.swift; sourceTree = "<group>"; };
		A1000001000000000000F007 /* AlmanakkWidget.swift */ = {isa = PBXFileReference; lastKnownFileType = sourcecode.swift; path = AlmanakkWidget.swift; sourceTree = "<group>"; };
		A1000001000000000000F008 /* Info.plist */ = {isa = PBXFileReference; lastKnownFileType = text.plist.xml; path = Info.plist; sourceTree = "<group>"; };
		A1000001000000000000F009 /* Widget-macOS.entitlements */ = {isa = PBXFileReference; lastKnownFileType = text.plist.entitlements; path = "Widget-macOS.entitlements"; sourceTree = "<group>"; };
		A1000001000000000000F010 /* Widget-iOS.entitlements */ = {isa = PBXFileReference; lastKnownFileType = text.plist.entitlements; path = "Widget-iOS.entitlements"; sourceTree = "<group>"; };
		A1000001000000000000F011 /* Almanakk-iOS.entitlements */ = {isa = PBXFileReference; lastKnownFileType = text.plist.entitlements; path = "Almanakk-iOS.entitlements"; sourceTree = "<group>"; };
		A1000001000000000000F012 /* AlmanakkWidget.appex */ = {isa = PBXFileReference; explicitFileType = "wrapper.app-extension"; includeInIndex = 0; path = AlmanakkWidget.appex; sourceTree = BUILT_PRODUCTS_DIR; };
/* End PBXFileReference section */

/* Begin PBXFrameworksBuildPhase section */
		A1000001000000000000P002 /* Frameworks */ = {isa = PBXFrameworksBuildPhase; buildActionMask = 2147483647; files = (); runOnlyForDeploymentPostprocessing = 0; };
		A1000001000000000000P005 /* Frameworks */ = {isa = PBXFrameworksBuildPhase; buildActionMask = 2147483647; files = (); runOnlyForDeploymentPostprocessing = 0; };
/* End PBXFrameworksBuildPhase section */

/* Begin PBXGroup section */
		A1000001000000000000G001 = {isa = PBXGroup; children = (A1000001000000000000G002 /* Almanakk */, A1000001000000000000G004 /* Shared */, A1000001000000000000G005 /* Widget */, A1000001000000000000G003 /* Products */, ); sourceTree = "<group>"; };
		A1000001000000000000G002 /* Almanakk */ = {isa = PBXGroup; children = (A1000001000000000000F001 /* AlmanakkApp.swift */, A1000001000000000000F002 /* WebView.swift */, A1000001000000000000F102 /* Store.swift */, A1000001000000000000F103 /* MonthView.swift */, A1000001000000000000F104 /* Google.swift */, A1000001000000000000F108 /* EditSheet.swift */, A1000001000000000000F109 /* WeekView.swift */, A1000001000000000000F110 /* YearView.swift */, A1000001000000000000F111 /* Reminders.swift */, A1000001000000000000F003 /* Assets.xcassets */, A1000001000000000000F004 /* Almanakk.entitlements */, A1000001000000000000F011 /* Almanakk-iOS.entitlements */, ); path = Almanakk; sourceTree = "<group>"; };
		A1000001000000000000G003 /* Products */ = {isa = PBXGroup; children = (A1000001000000000000F005 /* Almanakk.app */, A1000001000000000000F012 /* AlmanakkWidget.appex */, ); name = Products; sourceTree = "<group>"; };
		A1000001000000000000G004 /* Shared */ = {isa = PBXGroup; children = (A1000001000000000000F006 /* Snapshot.swift */, A1000001000000000000F101 /* Engine.swift */, A1000001000000000000F105 /* Places.swift */, A1000001000000000000F107 /* Draft.swift */, A1000001000000000000F112 /* Moon.swift */, A1000001000000000000F106 /* airports.json */, ); path = Shared; sourceTree = "<group>"; };
		A1000001000000000000G005 /* Widget */ = {isa = PBXGroup; children = (A1000001000000000000F007 /* AlmanakkWidget.swift */, A1000001000000000000F008 /* Info.plist */, A1000001000000000000F009 /* Widget-macOS.entitlements */, A1000001000000000000F010 /* Widget-iOS.entitlements */, ); path = Widget; sourceTree = "<group>"; };
/* End PBXGroup section */

/* Begin PBXNativeTarget section */
		A1000001000000000000T001 /* Almanakk */ = {
			isa = PBXNativeTarget;
			buildConfigurationList = A1000001000000000000L002 /* Build configuration list for PBXNativeTarget "Almanakk" */;
			buildPhases = (A1000001000000000000P001 /* Sources */, A1000001000000000000P002 /* Frameworks */, A1000001000000000000P003 /* Resources */, A1000001000000000000P007 /* Embed Foundation Extensions */, );
			buildRules = ();
			dependencies = (A1000001000000000000D001 /* PBXTargetDependency */, );
			name = Almanakk;
			productName = Almanakk;
			productReference = A1000001000000000000F005 /* Almanakk.app */;
			productType = "com.apple.product-type.application";
		};
		A1000001000000000000T002 /* AlmanakkWidget */ = {
			isa = PBXNativeTarget;
			buildConfigurationList = A1000001000000000000L003 /* Build configuration list for PBXNativeTarget "AlmanakkWidget" */;
			buildPhases = (A1000001000000000000P004 /* Sources */, A1000001000000000000P005 /* Frameworks */, A1000001000000000000P006 /* Resources */, );
			buildRules = ();
			dependencies = ();
			name = AlmanakkWidget;
			productName = AlmanakkWidget;
			productReference = A1000001000000000000F012 /* AlmanakkWidget.appex */;
			productType = "com.apple.product-type.app-extension";
		};
/* End PBXNativeTarget section */

/* Begin PBXProject section */
		A1000001000000000000R001 /* Project object */ = {
			isa = PBXProject;
			attributes = { BuildIndependentTargetsInParallel = 1; LastSwiftUpdateCheck = 1600; LastUpgradeCheck = 1600; TargetAttributes = { A1000001000000000000T001 = { CreatedOnToolsVersion = 16.0; }; A1000001000000000000T002 = { CreatedOnToolsVersion = 16.0; }; }; };
			buildConfigurationList = A1000001000000000000L001 /* Build configuration list for PBXProject "Almanakk" */;
			compatibilityVersion = "Xcode 14.0";
			developmentRegion = en;
			hasScannedForEncodings = 0;
			knownRegions = (en, nb, Base, );
			mainGroup = A1000001000000000000G001;
			productRefGroup = A1000001000000000000G003 /* Products */;
			projectDirPath = "";
			projectRoot = "";
			targets = (A1000001000000000000T001 /* Almanakk */, A1000001000000000000T002 /* AlmanakkWidget */, );
		};
/* End PBXProject section */

/* Begin PBXResourcesBuildPhase section */
		A1000001000000000000P003 /* Resources */ = {isa = PBXResourcesBuildPhase; buildActionMask = 2147483647; files = (A1000001000000000000B003 /* Assets.xcassets in Resources */, A1000001000000000000B106 /* airports.json in Resources */, ); runOnlyForDeploymentPostprocessing = 0; };
		A1000001000000000000P006 /* Resources */ = {isa = PBXResourcesBuildPhase; buildActionMask = 2147483647; files = (); runOnlyForDeploymentPostprocessing = 0; };
/* End PBXResourcesBuildPhase section */

/* Begin PBXSourcesBuildPhase section */
		A1000001000000000000P001 /* Sources */ = {isa = PBXSourcesBuildPhase; buildActionMask = 2147483647; files = (A1000001000000000000B001 /* AlmanakkApp.swift in Sources */, A1000001000000000000B002 /* WebView.swift in Sources */, A1000001000000000000B004 /* Snapshot.swift in Sources */, A1000001000000000000B101 /* Engine.swift in Sources */, A1000001000000000000B102 /* Store.swift in Sources */, A1000001000000000000B103 /* MonthView.swift in Sources */, A1000001000000000000B104 /* Google.swift in Sources */, A1000001000000000000B105 /* Places.swift in Sources */, A1000001000000000000B107 /* Draft.swift in Sources */, A1000001000000000000B108 /* EditSheet.swift in Sources */, A1000001000000000000B109 /* WeekView.swift in Sources */, A1000001000000000000B110 /* YearView.swift in Sources */, A1000001000000000000B111 /* Reminders.swift in Sources */, A1000001000000000000B112 /* Moon.swift in Sources */, ); runOnlyForDeploymentPostprocessing = 0; };
		A1000001000000000000P004 /* Sources */ = {isa = PBXSourcesBuildPhase; buildActionMask = 2147483647; files = (A1000001000000000000B006 /* AlmanakkWidget.swift in Sources */, A1000001000000000000B005 /* Snapshot.swift in Sources */, ); runOnlyForDeploymentPostprocessing = 0; };
/* End PBXSourcesBuildPhase section */

/* Begin PBXTargetDependency section */
		A1000001000000000000D001 /* PBXTargetDependency */ = {isa = PBXTargetDependency; target = A1000001000000000000T002 /* AlmanakkWidget */; targetProxy = A1000001000000000000X001 /* PBXContainerItemProxy */; };
/* End PBXTargetDependency section */

/* Begin XCBuildConfiguration section */
		A1000001000000000000C001 /* Debug */ = {isa = XCBuildConfiguration; buildSettings = {
				ALWAYS_SEARCH_USER_PATHS = NO;
				CLANG_ENABLE_MODULES = YES;
				CLANG_ENABLE_OBJC_ARC = YES;
				DEBUG_INFORMATION_FORMAT = dwarf;
				ENABLE_STRICT_OBJC_MSGSEND = YES;
				ENABLE_TESTABILITY = YES;
				GCC_OPTIMIZATION_LEVEL = 0;
				GCC_PREPROCESSOR_DEFINITIONS = ("DEBUG=1", "$(inherited)", );
				ONLY_ACTIVE_ARCH = YES;
				SWIFT_ACTIVE_COMPILATION_CONDITIONS = "DEBUG $(inherited)";
				SWIFT_OPTIMIZATION_LEVEL = "-Onone";
				SWIFT_VERSION = 5.0;
			}; name = Debug; };
		A1000001000000000000C002 /* Release */ = {isa = XCBuildConfiguration; buildSettings = {
				ALWAYS_SEARCH_USER_PATHS = NO;
				CLANG_ENABLE_MODULES = YES;
				CLANG_ENABLE_OBJC_ARC = YES;
				DEBUG_INFORMATION_FORMAT = "dwarf-with-dsym";
				ENABLE_NS_ASSERTIONS = NO;
				ENABLE_STRICT_OBJC_MSGSEND = YES;
				SWIFT_COMPILATION_MODE = wholemodule;
				SWIFT_VERSION = 5.0;
			}; name = Release; };
		A1000001000000000000C003 /* Debug */ = {isa = XCBuildConfiguration; buildSettings = {
				ASSETCATALOG_COMPILER_APPICON_NAME = AppIcon;
				"CODE_SIGN_ENTITLEMENTS[sdk=iphone*]" = "Almanakk/Almanakk-iOS.entitlements";
				"CODE_SIGN_ENTITLEMENTS[sdk=macosx*]" = Almanakk/Almanakk.entitlements;
				CODE_SIGN_STYLE = Automatic;
				COMBINE_HIDPI_IMAGES = YES;
				CURRENT_PROJECT_VERSION = 6;
				DEVELOPMENT_TEAM = BAV75G9G6M;
				"ENABLE_HARDENED_RUNTIME[sdk=macosx*]" = YES;
				ENABLE_PREVIEWS = YES;
				GENERATE_INFOPLIST_FILE = YES;
				INFOPLIST_KEY_CFBundleDisplayName = Almanakk;
				INFOPLIST_KEY_ITSAppUsesNonExemptEncryption = NO;
				INFOPLIST_KEY_NSContactsUsageDescription = "Almanakk finner personen i et gjøremål som «Ring Runi», så du kan ringe med ett trykk.";
				INFOPLIST_KEY_NSRemindersFullAccessUsageDescription = "Almanakk viser påminnelsene dine på dagene de hører til, og lar deg huke dem av og legge til nye.";
				INFOPLIST_KEY_LSApplicationCategoryType = "public.app-category.productivity";
				INFOPLIST_KEY_NSHumanReadableCopyright = "winter guests";
				INFOPLIST_KEY_UIApplicationSceneManifest_Generation = YES;
				INFOPLIST_KEY_UIApplicationSupportsIndirectInputEvents = YES;
				INFOPLIST_KEY_UILaunchScreen_Generation = YES;
				INFOPLIST_KEY_UISupportedInterfaceOrientations = "UIInterfaceOrientationPortrait UIInterfaceOrientationLandscapeLeft UIInterfaceOrientationLandscapeRight";
				INFOPLIST_KEY_UISupportedInterfaceOrientations_iPad = "UIInterfaceOrientationPortrait UIInterfaceOrientationPortraitUpsideDown UIInterfaceOrientationLandscapeLeft UIInterfaceOrientationLandscapeRight";
				IPHONEOS_DEPLOYMENT_TARGET = 17.0;
				"LD_RUNPATH_SEARCH_PATHS[sdk=iphone*]" = "@executable_path/Frameworks";
				"LD_RUNPATH_SEARCH_PATHS[sdk=macosx*]" = "@executable_path/../Frameworks";
				MACOSX_DEPLOYMENT_TARGET = 14.0;
				MARKETING_VERSION = 1.0;
				PRODUCT_BUNDLE_IDENTIFIER = com.winterguests.almanakk;
				PRODUCT_NAME = "$(TARGET_NAME)";
				SDKROOT = auto;
				SUPPORTED_PLATFORMS = "iphoneos iphonesimulator macosx";
				SUPPORTS_MACCATALYST = NO;
				SUPPORTS_MAC_DESIGNED_FOR_IPHONE_IPAD = NO;
				SWIFT_EMIT_LOC_STRINGS = YES;
				TARGETED_DEVICE_FAMILY = "1,2";
			}; name = Debug; };
		A1000001000000000000C004 /* Release */ = {isa = XCBuildConfiguration; buildSettings = {
				ASSETCATALOG_COMPILER_APPICON_NAME = AppIcon;
				"CODE_SIGN_ENTITLEMENTS[sdk=iphone*]" = "Almanakk/Almanakk-iOS.entitlements";
				"CODE_SIGN_ENTITLEMENTS[sdk=macosx*]" = Almanakk/Almanakk.entitlements;
				CODE_SIGN_STYLE = Automatic;
				COMBINE_HIDPI_IMAGES = YES;
				CURRENT_PROJECT_VERSION = 6;
				DEVELOPMENT_TEAM = BAV75G9G6M;
				"ENABLE_HARDENED_RUNTIME[sdk=macosx*]" = YES;
				ENABLE_PREVIEWS = YES;
				GENERATE_INFOPLIST_FILE = YES;
				INFOPLIST_KEY_CFBundleDisplayName = Almanakk;
				INFOPLIST_KEY_ITSAppUsesNonExemptEncryption = NO;
				INFOPLIST_KEY_NSContactsUsageDescription = "Almanakk finner personen i et gjøremål som «Ring Runi», så du kan ringe med ett trykk.";
				INFOPLIST_KEY_NSRemindersFullAccessUsageDescription = "Almanakk viser påminnelsene dine på dagene de hører til, og lar deg huke dem av og legge til nye.";
				INFOPLIST_KEY_LSApplicationCategoryType = "public.app-category.productivity";
				INFOPLIST_KEY_NSHumanReadableCopyright = "winter guests";
				INFOPLIST_KEY_UIApplicationSceneManifest_Generation = YES;
				INFOPLIST_KEY_UIApplicationSupportsIndirectInputEvents = YES;
				INFOPLIST_KEY_UILaunchScreen_Generation = YES;
				INFOPLIST_KEY_UISupportedInterfaceOrientations = "UIInterfaceOrientationPortrait UIInterfaceOrientationLandscapeLeft UIInterfaceOrientationLandscapeRight";
				INFOPLIST_KEY_UISupportedInterfaceOrientations_iPad = "UIInterfaceOrientationPortrait UIInterfaceOrientationPortraitUpsideDown UIInterfaceOrientationLandscapeLeft UIInterfaceOrientationLandscapeRight";
				IPHONEOS_DEPLOYMENT_TARGET = 17.0;
				"LD_RUNPATH_SEARCH_PATHS[sdk=iphone*]" = "@executable_path/Frameworks";
				"LD_RUNPATH_SEARCH_PATHS[sdk=macosx*]" = "@executable_path/../Frameworks";
				MACOSX_DEPLOYMENT_TARGET = 14.0;
				MARKETING_VERSION = 1.0;
				PRODUCT_BUNDLE_IDENTIFIER = com.winterguests.almanakk;
				PRODUCT_NAME = "$(TARGET_NAME)";
				SDKROOT = auto;
				SUPPORTED_PLATFORMS = "iphoneos iphonesimulator macosx";
				SUPPORTS_MACCATALYST = NO;
				SUPPORTS_MAC_DESIGNED_FOR_IPHONE_IPAD = NO;
				SWIFT_EMIT_LOC_STRINGS = YES;
				TARGETED_DEVICE_FAMILY = "1,2";
			}; name = Release; };
		A1000001000000000000C005 /* Debug */ = {isa = XCBuildConfiguration; buildSettings = {
				"CODE_SIGN_ENTITLEMENTS[sdk=iphone*]" = "Widget/Widget-iOS.entitlements";
				"CODE_SIGN_ENTITLEMENTS[sdk=macosx*]" = "Widget/Widget-macOS.entitlements";
				CODE_SIGN_STYLE = Automatic;
				CURRENT_PROJECT_VERSION = 6;
				DEVELOPMENT_TEAM = BAV75G9G6M;
				"ENABLE_HARDENED_RUNTIME[sdk=macosx*]" = YES;
				GENERATE_INFOPLIST_FILE = YES;
				INFOPLIST_FILE = Widget/Info.plist;
				INFOPLIST_KEY_CFBundleDisplayName = Almanakk;
				INFOPLIST_KEY_NSHumanReadableCopyright = "winter guests";
				IPHONEOS_DEPLOYMENT_TARGET = 17.0;
				"LD_RUNPATH_SEARCH_PATHS[sdk=iphone*]" = "@executable_path/Frameworks @executable_path/../../Frameworks";
				"LD_RUNPATH_SEARCH_PATHS[sdk=macosx*]" = "@executable_path/../Frameworks @executable_path/../../../../Frameworks";
				MACOSX_DEPLOYMENT_TARGET = 14.0;
				MARKETING_VERSION = 1.0;
				PRODUCT_BUNDLE_IDENTIFIER = com.winterguests.almanakk.widget;
				PRODUCT_NAME = "$(TARGET_NAME)";
				SDKROOT = auto;
				SKIP_INSTALL = YES;
				SUPPORTED_PLATFORMS = "iphoneos iphonesimulator macosx";
				SUPPORTS_MACCATALYST = NO;
				SWIFT_EMIT_LOC_STRINGS = YES;
				TARGETED_DEVICE_FAMILY = "1,2";
			}; name = Debug; };
		A1000001000000000000C006 /* Release */ = {isa = XCBuildConfiguration; buildSettings = {
				"CODE_SIGN_ENTITLEMENTS[sdk=iphone*]" = "Widget/Widget-iOS.entitlements";
				"CODE_SIGN_ENTITLEMENTS[sdk=macosx*]" = "Widget/Widget-macOS.entitlements";
				CODE_SIGN_STYLE = Automatic;
				CURRENT_PROJECT_VERSION = 6;
				DEVELOPMENT_TEAM = BAV75G9G6M;
				"ENABLE_HARDENED_RUNTIME[sdk=macosx*]" = YES;
				GENERATE_INFOPLIST_FILE = YES;
				INFOPLIST_FILE = Widget/Info.plist;
				INFOPLIST_KEY_CFBundleDisplayName = Almanakk;
				INFOPLIST_KEY_NSHumanReadableCopyright = "winter guests";
				IPHONEOS_DEPLOYMENT_TARGET = 17.0;
				"LD_RUNPATH_SEARCH_PATHS[sdk=iphone*]" = "@executable_path/Frameworks @executable_path/../../Frameworks";
				"LD_RUNPATH_SEARCH_PATHS[sdk=macosx*]" = "@executable_path/../Frameworks @executable_path/../../../../Frameworks";
				MACOSX_DEPLOYMENT_TARGET = 14.0;
				MARKETING_VERSION = 1.0;
				PRODUCT_BUNDLE_IDENTIFIER = com.winterguests.almanakk.widget;
				PRODUCT_NAME = "$(TARGET_NAME)";
				SDKROOT = auto;
				SKIP_INSTALL = YES;
				SUPPORTED_PLATFORMS = "iphoneos iphonesimulator macosx";
				SUPPORTS_MACCATALYST = NO;
				SWIFT_EMIT_LOC_STRINGS = YES;
				TARGETED_DEVICE_FAMILY = "1,2";
			}; name = Release; };
/* End XCBuildConfiguration section */

/* Begin XCConfigurationList section */
		A1000001000000000000L001 /* Build configuration list for PBXProject "Almanakk" */ = {isa = XCConfigurationList; buildConfigurations = (A1000001000000000000C001 /* Debug */, A1000001000000000000C002 /* Release */, ); defaultConfigurationIsVisible = 0; defaultConfigurationName = Release; };
		A1000001000000000000L002 /* Build configuration list for PBXNativeTarget "Almanakk" */ = {isa = XCConfigurationList; buildConfigurations = (A1000001000000000000C003 /* Debug */, A1000001000000000000C004 /* Release */, ); defaultConfigurationIsVisible = 0; defaultConfigurationName = Release; };
		A1000001000000000000L003 /* Build configuration list for PBXNativeTarget "AlmanakkWidget" */ = {isa = XCConfigurationList; buildConfigurations = (A1000001000000000000C005 /* Debug */, A1000001000000000000C006 /* Release */, ); defaultConfigurationIsVisible = 0; defaultConfigurationName = Release; };
/* End XCConfigurationList section */

	};
	rootObject = A1000001000000000000R001 /* Project object */;
}
